// !$*UTF8*$!
{
	archiveVersion = 1;
	classes = {
	};
	objectVersion = 48;
	objects = {

/* Begin PBXBuildFile section */
		D329E21C1F87EA9300D5C063 /* AppDelegate.swift in Sources */ = {isa = PBXBuildFile; fileRef = D329E21B1F87EA9300D5C063 /* AppDelegate.swift */; };
		D329E21E1F87EA9300D5C063 /* ViewController.swift in Sources */ = {isa = PBXBuildFile; fileRef = D329E21D1F87EA9300D5C063 /* ViewController.swift */; };
		D329E2231F87EA9300D5C063 /* Assets.xcassets in Resources */ = {isa = PBXBuildFile; fileRef = D329E2221F87EA9300D5C063 /* Assets.xcassets */; };
		D329E2261F87EA9300D5C063 /* LaunchScreen.storyboard in Resources */ = {isa = PBXBuildFile; fileRef = D329E2241F87EA9300D5C063 /* LaunchScreen.storyboard */; };
		D329E2351F87EAF300D5C063 /* Movie.swift in Sources */ = {isa = PBXBuildFile; fileRef = D329E2341F87EAF300D5C063 /* Movie.swift */; };
		D329E2371F87EB0800D5C063 /* Movie controller.swift in Sources */ = {isa = PBXBuildFile; fileRef = D329E2361F87EB0800D5C063 /* Movie controller.swift */; };
		D329E2391F87EB2700D5C063 /* MovieTableViewController.swift in Sources */ = {isa = PBXBuildFile; fileRef = D329E2381F87EB2700D5C063 /* MovieTableViewController.swift */; };
		D329E23B1F87EB3700D5C063 /* MovieTableViewCell.swift in Sources */ = {isa = PBXBuildFile; fileRef = D329E23A1F87EB3700D5C063 /* MovieTableViewCell.swift */; };
		D3A139D21F87F078008799A0 /* Main.storyboard in Resources */ = {isa = PBXBuildFile; fileRef = D3A139D01F87F078008799A0 /* Main.storyboard */; };
/* End PBXBuildFile section */

/* Begin PBXFileReference section */
		D329E2181F87EA9300D5C063 /* unit3testpart2.app */ = {isa = PBXFileReference; explicitFileType = wrapper.application; includeInIndex = 0; path = unit3testpart2.app; sourceTree = BUILT_PRODUCTS_DIR; };
		D329E21B1F87EA9300D5C063 /* AppDelegate.swift */ = {isa = PBXFileReference; lastKnownFileType = sourcecode.swift; path = AppDelegate.swift; sourceTree = "<group>"; };
		D329E21D1F87EA9300D5C063 /* ViewController.swift */ = {isa = PBXFileReference; lastKnownFileType = sourcecode.swift; path = ViewController.swift; sourceTree = "<group>"; };
		D329E2221F87EA9300D5C063 /* Assets.xcassets */ = {isa = PBXFileReference; lastKnownFileType = folder.assetcatalog; path = Assets.xcassets; sourceTree = "<group>"; };
		D329E2251F87EA9300D5C063 /* Base */ = {isa = PBXFileReference; lastKnownFileType = file.storyboard; name = Base; path = Base.lproj/LaunchScreen.storyboard; sourceTree = "<group>"; };
		D329E2271F87EA9300D5C063 /* Info.plist */ = {isa = PBXFileReference; lastKnownFileType = text.plist.xml; path = Info.plist; sourceTree = "<group>"; };
		D329E2341F87EAF300D5C063 /* Movie.swift */ = {isa = PBXFileReference; lastKnownFileType = sourcecode.swift; path = Movie.swift; sourceTree = "<group>"; };
		D329E2361F87EB0800D5C063 /* Movie controller.swift */ = {isa = PBXFileReference; lastKnownFileType = sourcecode.swift; path = "Movie controller.swift"; sourceTree = "<group>"; };
		D329E2381F87EB2700D5C063 /* MovieTableViewController.swift */ = {isa = PBXFileReference; lastKnownFileType = sourcecode.swift; path = MovieTableViewController.swift; sourceTree = "<group>"; };
		D329E23A1F87EB3700D5C063 /* MovieTableViewCell.swift */ = {isa = PBXFileReference; lastKnownFileType = sourcecode.swift; path = MovieTableViewCell.swift; sourceTree = "<group>"; };
		D3A139D11F87F078008799A0 /* Base */ = {isa = PBXFileReference; lastKnownFileType = file.storyboard; name = Base; path = Base.lproj/Main.storyboard; sourceTree = "<group>"; };
/* End PBXFileReference section */

/* Begin PBXFrameworksBuildPhase section */
		D329E2151F87EA9300D5C063 /* Frameworks */ = {
			isa = PBXFrameworksBuildPhase;
			buildActionMask = 2147483647;
			files = (
			);
			runOnlyForDeploymentPostprocessing = 0;
		};
/* End PBXFrameworksBuildPhase section */

/* Begin PBXGroup section */
		D329E20F1F87EA9300D5C063 = {
			isa = PBXGroup;
			children = (
				D329E21A1F87EA9300D5C063 /* unit3testpart2 */,
				D329E2191F87EA9300D5C063 /* Products */,
			);
			sourceTree = "<group>";
		};
		D329E2191F87EA9300D5C063 /* Products */ = {
			isa = PBXGroup;
			children = (
				D329E2181F87EA9300D5C063 /* unit3testpart2.app */,
			);
			name = Products;
			sourceTree = "<group>";
		};
		D329E21A1F87EA9300D5C063 /* unit3testpart2 */ = {
			isa = PBXGroup;
			children = (
				D329E2331F87EAE100D5C063 /* keys */,
				D329E2311F87EAC100D5C063 /* UI */,
				D329E2301F87EAAE00D5C063 /* view */,
				D329E22F1F87EAA700D5C063 /* view controller */,
				D329E22E1F87EAA000D5C063 /* model controller */,
				D329E22D1F87EA9B00D5C063 /* model */,
				D329E21B1F87EA9300D5C063 /* AppDelegate.swift */,
				D329E21D1F87EA9300D5C063 /* ViewController.swift */,
				D329E2221F87EA9300D5C063 /* Assets.xcassets */,
				D329E2271F87EA9300D5C063 /* Info.plist */,
			);
			path = unit3testpart2;
			sourceTree = "<group>";
		};
		D329E22D1F87EA9B00D5C063 /* model */ = {
			isa = PBXGroup;
			children = (
				D329E2341F87EAF300D5C063 /* Movie.swift */,
			);
			path = model;
			sourceTree = "<group>";
		};
		D329E22E1F87EAA000D5C063 /* model controller */ = {
			isa = PBXGroup;
			children = (
				D329E2361F87EB0800D5C063 /* Movie controller.swift */,
			);
			path = "model controller";
			sourceTree = "<group>";
		};
		D329E22F1F87EAA700D5C063 /* view controller */ = {
			isa = PBXGroup;
			children = (
				D329E2381F87EB2700D5C063 /* MovieTableViewController.swift */,
			);
			path = "view controller";
			sourceTree = "<group>";
		};
		D329E2301F87EAAE00D5C063 /* view */ = {
			isa = PBXGroup;
			children = (
				D329E23A1F87EB3700D5C063 /* MovieTableViewCell.swift */,
			);
			path = view;
			sourceTree = "<group>";
		};
		D329E2311F87EAC100D5C063 /* UI */ = {
			isa = PBXGroup;
			children = (
				D329E2321F87EAD400D5C063 /* storyboards */,
			);
			path = UI;
			sourceTree = "<group>";
		};
		D329E2321F87EAD400D5C063 /* storyboards */ = {
			isa = PBXGroup;
			children = (
				D3A139D01F87F078008799A0 /* Main.storyboard */,
				D329E2241F87EA9300D5C063 /* LaunchScreen.storyboard */,
			);
			path = storyboards;
			sourceTree = "<group>";
		};
		D329E2331F87EAE100D5C063 /* keys */ = {
			isa = PBXGroup;
			children = (
			);
			path = keys;
			sourceTree = "<group>";
		};
/* End PBXGroup section */

/* Begin PBXNativeTarget section */
		D329E2171F87EA9300D5C063 /* unit3testpart2 */ = {
			isa = PBXNativeTarget;
			buildConfigurationList = D329E22A1F87EA9300D5C063 /* Build configuration list for PBXNativeTarget "unit3testpart2" */;
			buildPhases = (
				D329E2141F87EA9300D5C063 /* Sources */,
				D329E2151F87EA9300D5C063 /* Frameworks */,
				D329E2161F87EA9300D5C063 /* Resources */,
			);
			buildRules = (
			);
			dependencies = (
			);
			name = unit3testpart2;
			productName = unit3testpart2;
			productReference = D329E2181F87EA9300D5C063 /* unit3testpart2.app */;
			productType = "com.apple.product-type.application";
		};
/* End PBXNativeTarget section */

/* Begin PBXProject section */
		D329E2101F87EA9300D5C063 /* Project object */ = {
			isa = PBXProject;
			attributes = {
				LastSwiftUpdateCheck = 0900;
				LastUpgradeCheck = 0900;
				ORGANIZATIONNAME = "Brian Licea";
				TargetAttributes = {
					D329E2171F87EA9300D5C063 = {
						CreatedOnToolsVersion = 9.0;
						ProvisioningStyle = Automatic;
					};
				};
			};
			buildConfigurationList = D329E2131F87EA9300D5C063 /* Build configuration list for PBXProject "unit3testpart2" */;
			compatibilityVersion = "Xcode 8.0";
			developmentRegion = en;
			hasScannedForEncodings = 0;
			knownRegions = (
				en,
				Base,
			);
			mainGroup = D329E20F1F87EA9300D5C063;
			productRefGroup = D329E2191F87EA9300D5C063 /* Products */;
			projectDirPath = "";
			projectRoot = "";
			targets = (
				D329E2171F87EA9300D5C063 /* unit3testpart2 */,
			);
		};
/* End PBXProject section */

/* Begin PBXResourcesBuildPhase section */
		D329E2161F87EA9300D5C063 /* Resources */ = {
			isa = PBXResourcesBuildPhase;
			buildActionMask = 2147483647;
			files = (
				D3A139D21F87F078008799A0 /* Main.storyboard in Resources */,
				D329E2261F87EA9300D5C063 /* LaunchScreen.storyboard in Resources */,
				D329E2231F87EA9300D5C063 /* Assets.xcassets in Resources */,
			);
			runOnlyForDeploymentPostprocessing = 0;
		};
/* End PBXResourcesBuildPhase section */

/* Begin PBXSourcesBuildPhase section */
		D329E2141F87EA9300D5C063 /* Sources */ = {
			isa = PBXSourcesBuildPhase;
			buildActionMask = 2147483647;
			files = (
				D329E2391F87EB2700D5C063 /* MovieTableViewController.swift in Sources */,
				D329E21E1F87EA9300D5C063 /* ViewController.swift in Sources */,
				D329E23B1F87EB3700D5C063 /* MovieTableViewCell.swift in Sources */,
				D329E2371F87EB0800D5C063 /* Movie controller.swift in Sources */,
				D329E21C1F87EA9300D5C063 /* AppDelegate.swift in Sources */,
				D329E2351F87EAF300D5C063 /* Movie.swift in Sources */,
			);
			runOnlyForDeploymentPostprocessing = 0;
		};
/* End PBXSourcesBuildPhase section */

/* Begin PBXVariantGroup section */
		D329E2241F87EA9300D5C063 /* LaunchScreen.storyboard */ = {
			isa = PBXVariantGroup;
			children = (
				D329E2251F87EA9300D5C063 /* Base */,
			);
			name = LaunchScreen.storyboard;
			sourceTree = "<group>";
		};
		D3A139D01F87F078008799A0 /* Main.storyboard */ = {
			isa = PBXVariantGroup;
			children = (
				D3A139D11F87F078008799A0 /* Base */,
			);
			name = Main.storyboard;
			sourceTree = "<group>";
		};
/* End PBXVariantGroup section */

/* Begin XCBuildConfiguration section */
		D329E2281F87EA9300D5C063 /* Debug */ = {
			isa = XCBuildConfiguration;
			buildSettings = {
				ALWAYS_SEARCH_USER_PATHS = NO;
				CLANG_ANALYZER_NONNULL = YES;
				CLANG_ANALYZER_NUMBER_OBJECT_CONVERSION = YES_AGGRESSIVE;
				CLANG_CXX_LANGUAGE_STANDARD = "gnu++14";
				CLANG_CXX_LIBRARY = "libc++";
				CLANG_ENABLE_MODULES = YES;
				CLANG_ENABLE_OBJC_ARC = YES;
				CLANG_WARN_BLOCK_CAPTURE_AUTORELEASING = YES;
				CLANG_WARN_BOOL_CONVERSION = YES;
				CLANG_WARN_COMMA = YES;
				CLANG_WARN_CONSTANT_CONVERSION = YES;
				CLANG_WARN_DIRECT_OBJC_ISA_USAGE = YES_ERROR;
				CLANG_WARN_DOCUMENTATION_COMMENTS = YES;
				CLANG_WARN_EMPTY_BODY = YES;
				CLANG_WARN_ENUM_CONVERSION = YES;
				CLANG_WARN_INFINITE_RECURSION = YES;
				CLANG_WARN_INT_CONVERSION = YES;
				CLANG_WARN_NON_LITERAL_NULL_CONVERSION = YES;
				CLANG_WARN_OBJC_LITERAL_CONVERSION = YES;
				CLANG_WARN_OBJC_ROOT_CLASS = YES_ERROR;
				CLANG_WARN_RANGE_LOOP_ANALYSIS = YES;
				CLANG_WARN_STRICT_PROTOTYPES = YES;
				CLANG_WARN_SUSPICIOUS_MOVE = YES;
				CLANG_WARN_UNGUARDED_AVAILABILITY = YES_AGGRESSIVE;
				CLANG_WARN_UNREACHABLE_CODE = YES;
				CLANG_WARN__DUPLICATE_METHOD_MATCH = YES;
				CODE_SIGN_IDENTITY = "iPhone Developer";
				COPY_PHASE_STRIP = NO;
				DEBUG_INFORMATION_FORMAT = dwarf;
				ENABLE_STRICT_OBJC_MSGSEND = YES;
				ENABLE_TESTABILITY = YES;
				GCC_C_LANGUAGE_STANDARD = gnu11;
				GCC_DYNAMIC_NO_PIC = NO;
				GCC_NO_COMMON_BLOCKS = YES;
				GCC_OPTIMIZATION_LEVEL = 0;
				GCC_PREPROCESSOR_DEFINITIONS = (
					"DEBUG=1",
					"$(inherited)",
				);
				GCC_WARN_64_TO_32_BIT_CONVERSION = YES;
				GCC_WARN_ABOUT_RETURN_TYPE = YES_ERROR;
				GCC_WARN_UNDECLARED_SELECTOR = YES;
				GCC_WARN_UNINITIALIZED_AUTOS = YES_AGGRESSIVE;
				GCC_WARN_UNUSED_FUNCTION = YES;
				GCC_WARN_UNUSED_VARIABLE = YES;
				IPHONEOS_DEPLOYMENT_TARGET = 11.0;
				MTL_ENABLE_DEBUG_INFO = YES;
				ONLY_ACTIVE_ARCH = YES;
				SDKROOT = iphoneos;
				SWIFT_ACTIVE_COMPILATION_CONDITIONS = DEBUG;
				SWIFT_OPTIMIZATION_LEVEL = "-Onone";
			};
			name = Debug;
		};
		D329E2291F87EA9300D5C063 /* Release */ = {
			isa = XCBuildConfiguration;
			buildSettings = {
				ALWAYS_SEARCH_USER_PATHS = NO;
				CLANG_ANALYZER_NONNULL = YES;
				CLANG_ANALYZER_NUMBER_OBJECT_CONVERSION = YES_AGGRESSIVE;
				CLANG_CXX_LANGUAGE_STANDARD = "gnu++14";
				CLANG_CXX_LIBRARY = "libc++";
				CLANG_ENABLE_MODULES = YES;
				CLANG_ENABLE_OBJC_ARC = YES;
				CLANG_WARN_BLOCK_CAPTURE_AUTORELEASING = YES;
				CLANG_WARN_BOOL_CONVERSION = YES;
				CLANG_WARN_COMMA = YES;
				CLANG_WARN_CONSTANT_CONVERSION = YES;
				CLANG_WARN_DIRECT_OBJC_ISA_USAGE = YES_ERROR;
				CLANG_WARN_DOCUMENTATION_COMMENTS = YES;
				CLANG_WARN_EMPTY_BODY = YES;
				CLANG_WARN_ENUM_CONVERSION = YES;
				CLANG_WARN_INFINITE_RECURSION = YES;
				CLANG_WARN_INT_CONVERSION = YES;
				CLANG_WARN_NON_LITERAL_NULL_CONVERSION = YES;
				CLANG_WARN_OBJC_LITERAL_CONVERSION = YES;
				CLANG_WARN_OBJC_ROOT_CLASS = YES_ERROR;
				CLANG_WARN_RANGE_LOOP_ANALYSIS = YES;
				CLANG_WARN_STRICT_PROTOTYPES = YES;
				CLANG_WARN_SUSPICIOUS_MOVE = YES;
				CLANG_WARN_UNGUARDED_AVAILABILITY = YES_AGGRESSIVE;
				CLANG_WARN_UNREACHABLE_CODE = YES;
				CLANG_WARN__DUPLICATE_METHOD_MATCH = YES;
				CODE_SIGN_IDENTITY = "iPhone Developer";
				COPY_PHASE_STRIP = NO;
				DEBUG_INFORMATION_FORMAT = "dwarf-with-dsym";
				ENABLE_NS_ASSERTIONS = NO;
				ENABLE_STRICT_OBJC_MSGSEND = YES;
				GCC_C_LANGUAGE_STANDARD = gnu11;
				GCC_NO_COMMON_BLOCKS = YES;
				GCC_WARN_64_TO_32_BIT_CONVERSION = YES;
				GCC_WARN_ABOUT_RETURN_TYPE = YES_ERROR;
				GCC_WARN_UNDECLARED_SELECTOR = YES;
				GCC_WARN_UNINITIALIZED_AUTOS = YES_AGGRESSIVE;
				GCC_WARN_UNUSED_FUNCTION = YES;
				GCC_WARN_UNUSED_VARIABLE = YES;
				IPHONEOS_DEPLOYMENT_TARGET = 11.0;
				MTL_ENABLE_DEBUG_INFO = NO;
				SDKROOT = iphoneos;
				SWIFT_OPTIMIZATION_LEVEL = "-Owholemodule";
				VALIDATE_PRODUCT = YES;
			};
			name = Release;
		};
		D329E22B1F87EA9300D5C063 /* Debug */ = {
			isa = XCBuildConfiguration;
			buildSettings = {
				ASSETCATALOG_COMPILER_APPICON_NAME = AppIcon;
				CODE_SIGN_STYLE = Automatic;
				INFOPLIST_FILE = unit3testpart2/Info.plist;
				LD_RUNPATH_SEARCH_PATHS = "$(inherited) @executable_path/Frameworks";
				PRODUCT_BUNDLE_IDENTIFIER = com.example.unit3testpart2;
				PRODUCT_NAME = "$(TARGET_NAME)";
				SWIFT_VERSION = 4.0;
				TARGETED_DEVICE_FAMILY = "1,2";
			};
			name = Debug;
		};
		D329E22C1F87EA9300D5C063 /* Release */ = {
			isa = XCBuildConfiguration;
			buildSettings = {
				ASSETCATALOG_COMPILER_APPICON_NAME = AppIcon;
				CODE_SIGN_STYLE = Automatic;
				INFOPLIST_FILE = unit3testpart2/Info.plist;
				LD_RUNPATH_SEARCH_PATHS = "$(inherited) @executable_path/Frameworks";
				PRODUCT_BUNDLE_IDENTIFIER = com.example.unit3testpart2;
				PRODUCT_NAME = "$(TARGET_NAME)";
				SWIFT_VERSION = 4.0;
				TARGETED_DEVICE_FAMILY = "1,2";
			};
			name = Release;
		};
/* End XCBuildConfiguration section */

/* Begin XCConfigurationList section */
		D329E2131F87EA9300D5C063 /* Build configuration list for PBXProject "unit3testpart2" */ = {
			isa = XCConfigurationList;
			buildConfigurations = (
				D329E2281F87EA9300D5C063 /* Debug */,
				D329E2291F87EA9300D5C063 /* Release */,
			);
			defaultConfigurationIsVisible = 0;
			defaultConfigurationName = Release;
		};
		D329E22A1F87EA9300D5C063 /* Build configuration list for PBXNativeTarget "unit3testpart2" */ = {
			isa = XCConfigurationList;
			buildConfigurations = (
				D329E22B1F87EA9300D5C063 /* Debug */,
				D329E22C1F87EA9300D5C063 /* Release */,
			);
			defaultConfigurationIsVisible = 0;
			defaultConfigurationName = Release;
		};
/* End XCConfigurationList section */
	};
	rootObject = D329E2101F87EA9300D5C063 /* Project object */;
}
